
Microsoft Visual Studio Solution File, Format Version 12.00
# Visual Studio Version 17
VisualStudioVersion = 17.3.32825.248
MinimumVisualStudioVersion = 10.0.40219.1
Project("{FAE04EC0-301F-11D3-BF4B-00C04F79EFBC}") = "Playwright_SQA04_01", "Playwright_SQA04_01\Playwright_SQA04_01.csproj", "{6BAEF8CB-4D68-44C7-AADF-401FBB4D7A30}"
EndProject
Global
	GlobalSection(SolutionConfigurationPlatforms) = preSolution
		Debug|Any CPU = Debug|Any CPU
		Release|Any CPU = Release|Any CPU
	EndGlobalSection
	GlobalSection(ProjectConfigurationPlatforms) = postSolution
		{6BAEF8CB-4D68-44C7-AADF-401FBB4D7A30}.Debug|Any CPU.ActiveCfg = Debug|Any CPU
		{6BAEF8CB-4D68-44C7-AADF-401FBB4D7A30}.Debug|Any CPU.Build.0 = Debug|Any CPU
		{6BAEF8CB-4D68-44C7-AADF-401FBB4D7A30}.Release|Any CPU.ActiveCfg = Release|Any CPU
		{6BAEF8CB-4D68-44C7-AADF-401FBB4D7A30}.Release|Any CPU.Build.0 = Release|Any CPU
	EndGlobalSection
	GlobalSection(SolutionProperties) = preSolution
		HideSolutionNode = FALSE
	EndGlobalSection
	GlobalSection(ExtensibilityGlobals) = postSolution
		SolutionGuid = {6851100C-4A21-477C-875A-95C8AFB5DB18}
	EndGlobalSection
EndGlobal
